
Microsoft Visual Studio Solution File, Format Version 12.00
# Visual Studio Version 17
VisualStudioVersion = 17.1.32328.378
MinimumVisualStudioVersion = 10.0.40219.1
Project("{FAE04EC0-301F-11D3-BF4B-00C04F79EFBC}") = "AddressBookSystem", "AddressBookSystem\AddressBookSystem.csproj", "{D5DC759C-F6BB-41EF-9429-3D5A8AB97B32}"
EndProject
Global
	GlobalSection(SolutionConfigurationPlatforms) = preSolution
		Debug|Any CPU = Debug|Any CPU
		Release|Any CPU = Release|Any CPU
	EndGlobalSection
	GlobalSection(ProjectConfigurationPlatforms) = postSolution
		{D5DC759C-F6BB-41EF-9429-3D5A8AB97B32}.Debug|Any CPU.ActiveCfg = Debug|Any CPU
		{D5DC759C-F6BB-41EF-9429-3D5A8AB97B32}.Debug|Any CPU.Build.0 = Debug|Any CPU
		{D5DC759C-F6BB-41EF-9429-3D5A8AB97B32}.Release|Any CPU.ActiveCfg = Release|Any CPU
		{D5DC759C-F6BB-41EF-9429-3D5A8AB97B32}.Release|Any CPU.Build.0 = Release|Any CPU
	EndGlobalSection
	GlobalSection(SolutionProperties) = preSolution
		HideSolutionNode = FALSE
	EndGlobalSection
	GlobalSection(ExtensibilityGlobals) = postSolution
		SolutionGuid = {C87B5068-8703-4347-8878-ABC34B9A023D}
	EndGlobalSection
EndGlobal
